<?xml version="1.0" encoding="UTF-8" standalone="yes" ?>
<CodeBlocks_project_file>
	<FileVersion major="1" minor="6" />
	<Project>
		<Option title="whatsliteclientbackend" />
		<Option pch_mode="2" />
		<Option compiler="gcc" />
		<Build>
			<Target title="Debug">
				<Option output="bin/Debug/whatsliteclientbackend" prefix_auto="1" extension_auto="1" />
				<Option object_output="obj/Debug/" />
				<Option type="1" />
				<Option compiler="gcc" />
				<Compiler>
					<Add option="-std=c++11" />
					<Add option="-g" />
					<Add option="-DGCC_STATIC" />
					<Add directory="include" />
				</Compiler>
				<Linker>
					<Add library="Ws2_32" />
				</Linker>
			</Target>
			<Target title="Release">
				<Option output="bin/Release/whatsliteclientbackend" prefix_auto="1" extension_auto="1" />
				<Option object_output="obj/Release/" />
				<Option type="1" />
				<Option compiler="gcc" />
				<Compiler>
					<Add option="-O2" />
					<Add option="-std=c++11" />
					<Add directory="include" />
				</Compiler>
				<Linker>
					<Add option="-s" />
					<Add library="Ws2_32" />
				</Linker>
			</Target>
		</Build>
		<Compiler>
			<Add option="-Wall" />
			<Add option="-fexceptions" />
			<Add option="-Wno-switch" />
			<Add option="-static" />
			<Add option="-static-libgcc" />
			<Add option="-static-libstdc++" />
			<Add directory="include" />
		</Compiler>
		<Unit filename="include/ClientBackend.h" />
		<Unit filename="include/helpers.h" />
		<Unit filename="include/winsocket.h" />
		<Unit filename="main.cpp" />
		<Unit filename="src/ClientBackend.cpp" />
		<Unit filename="src/helpers.cpp" />
		<Unit filename="src/winsocket.cpp" />
		<Extensions>
			<code_completion />
			<envvars />
			<debugger />
			<lib_finder disable_auto="1" />
		</Extensions>
	</Project>
</CodeBlocks_project_file>
